// !$*UTF8*$!
{
	archiveVersion = 1;
	classes = {
	};
	objectVersion = 50;
	objects = {

/* Begin PBXBuildFile section */
		FCC6EE1022B38B4A00981303 /* AppDelegate.swift in Sources */ = {isa = PBXBuildFile; fileRef = FCC6EE0F22B38B4A00981303 /* AppDelegate.swift */; };
		FCC6EE1222B38B4A00981303 /* ViewController.swift in Sources */ = {isa = PBXBuildFile; fileRef = FCC6EE1122B38B4A00981303 /* ViewController.swift */; };
		FCC6EE1522B38B4A00981303 /* Main.storyboard in Resources */ = {isa = PBXBuildFile; fileRef = FCC6EE1322B38B4A00981303 /* Main.storyboard */; };
		FCC6EE1722B38B4B00981303 /* Assets.xcassets in Resources */ = {isa = PBXBuildFile; fileRef = FCC6EE1622B38B4B00981303 /* Assets.xcassets */; };
		FCC6EE1A22B38B4B00981303 /* LaunchScreen.storyboard in Resources */ = {isa = PBXBuildFile; fileRef = FCC6EE1822B38B4B00981303 /* LaunchScreen.storyboard */; };
		FCC6EE2522B38B4B00981303 /* testprojTests.swift in Sources */ = {isa = PBXBuildFile; fileRef = FCC6EE2422B38B4B00981303 /* testprojTests.swift */; };
		FCC6EE3022B38B4B00981303 /* testprojUITests.swift in Sources */ = {isa = PBXBuildFile; fileRef = FCC6EE2F22B38B4B00981303 /* testprojUITests.swift */; };
/* End PBXBuildFile section */

/* Begin PBXContainerItemProxy section */
		FCC6EE2122B38B4B00981303 /* PBXContainerItemProxy */ = {
			isa = PBXContainerItemProxy;
			containerPortal = FCC6EE0422B38B4A00981303 /* Project object */;
			proxyType = 1;
			remoteGlobalIDString = FCC6EE0B22B38B4A00981303;
			remoteInfo = testproj;
		};
		FCC6EE2C22B38B4B00981303 /* PBXContainerItemProxy */ = {
			isa = PBXContainerItemProxy;
			containerPortal = FCC6EE0422B38B4A00981303 /* Project object */;
			proxyType = 1;
			remoteGlobalIDString = FCC6EE0B22B38B4A00981303;
			remoteInfo = testproj;
		};
/* End PBXContainerItemProxy section */

/* Begin PBXFileReference section */
		FCC6EE0C22B38B4A00981303 /* testproj.app */ = {isa = PBXFileReference; explicitFileType = wrapper.application; includeInIndex = 0; path = testproj.app; sourceTree = BUILT_PRODUCTS_DIR; };
		FCC6EE0F22B38B4A00981303 /* AppDelegate.swift */ = {isa = PBXFileReference; lastKnownFileType = sourcecode.swift; path = AppDelegate.swift; sourceTree = "<group>"; };
		FCC6EE1122B38B4A00981303 /* ViewController.swift */ = {isa = PBXFileReference; lastKnownFileType = sourcecode.swift; path = ViewController.swift; sourceTree = "<group>"; };
		FCC6EE1422B38B4A00981303 /* Base */ = {isa = PBXFileReference; lastKnownFileType = file.storyboard; name = Base; path = Base.lproj/Main.storyboard; sourceTree = "<group>"; };
		FCC6EE1622B38B4B00981303 /* Assets.xcassets */ = {isa = PBXFileReference; lastKnownFileType = folder.assetcatalog; path = Assets.xcassets; sourceTree = "<group>"; };
		FCC6EE1922B38B4B00981303 /* Base */ = {isa = PBXFileReference; lastKnownFileType = file.storyboard; name = Base; path = Base.lproj/LaunchScreen.storyboard; sourceTree = "<group>"; };
		FCC6EE1B22B38B4B00981303 /* Info.plist */ = {isa = PBXFileReference; lastKnownFileType = text.plist.xml; path = Info.plist; sourceTree = "<group>"; };
		FCC6EE2022B38B4B00981303 /* testprojTests.xctest */ = {isa = PBXFileReference; explicitFileType = wrapper.cfbundle; includeInIndex = 0; path = testprojTests.xctest; sourceTree = BUILT_PRODUCTS_DIR; };
		FCC6EE2422B38B4B00981303 /* testprojTests.swift */ = {isa = PBXFileReference; lastKnownFileType = sourcecode.swift; path = testprojTests.swift; sourceTree = "<group>"; };
		FCC6EE2622B38B4B00981303 /* Info.plist */ = {isa = PBXFileReference; lastKnownFileType = text.plist.xml; path = Info.plist; sourceTree = "<group>"; };
		FCC6EE2B22B38B4B00981303 /* testprojUITests.xctest */ = {isa = PBXFileReference; explicitFileType = wrapper.cfbundle; includeInIndex = 0; path = testprojUITests.xctest; sourceTree = BUILT_PRODUCTS_DIR; };
		FCC6EE2F22B38B4B00981303 /* testprojUITests.swift */ = {isa = PBXFileReference; lastKnownFileType = sourcecode.swift; path = testprojUITests.swift; sourceTree = "<group>"; };
		FCC6EE3122B38B4B00981303 /* Info.plist */ = {isa = PBXFileReference; lastKnownFileType = text.plist.xml; path = Info.plist; sourceTree = "<group>"; };
/* End PBXFileReference section */

/* Begin PBXFrameworksBuildPhase section */
		FCC6EE0922B38B4A00981303 /* Frameworks */ = {
			isa = PBXFrameworksBuildPhase;
			buildActionMask = 2147483647;
			files = (
			);
			runOnlyForDeploymentPostprocessing = 0;
		};
		FCC6EE1D22B38B4B00981303 /* Frameworks */ = {
			isa = PBXFrameworksBuildPhase;
			buildActionMask = 2147483647;
			files = (
			);
			runOnlyForDeploymentPostprocessing = 0;
		};
		FCC6EE2822B38B4B00981303 /* Frameworks */ = {
			isa = PBXFrameworksBuildPhase;
			buildActionMask = 2147483647;
			files = (
			);
			runOnlyForDeploymentPostprocessing = 0;
		};
/* End PBXFrameworksBuildPhase section */

/* Begin PBXGroup section */
		FCC6EE0322B38B4A00981303 = {
			isa = PBXGroup;
			children = (
				FCC6EE0E22B38B4A00981303 /* testproj */,
				FCC6EE2322B38B4B00981303 /* testprojTests */,
				FCC6EE2E22B38B4B00981303 /* testprojUITests */,
				FCC6EE0D22B38B4A00981303 /* Products */,
			);
			sourceTree = "<group>";
		};
		FCC6EE0D22B38B4A00981303 /* Products */ = {
			isa = PBXGroup;
			children = (
				FCC6EE0C22B38B4A00981303 /* testproj.app */,
				FCC6EE2022B38B4B00981303 /* testprojTests.xctest */,
				FCC6EE2B22B38B4B00981303 /* testprojUITests.xctest */,
			);
			name = Products;
			sourceTree = "<group>";
		};
		FCC6EE0E22B38B4A00981303 /* testproj */ = {
			isa = PBXGroup;
			children = (
				FCC6EE0F22B38B4A00981303 /* AppDelegate.swift */,
				FCC6EE1122B38B4A00981303 /* ViewController.swift */,
				FCC6EE1322B38B4A00981303 /* Main.storyboard */,
				FCC6EE1622B38B4B00981303 /* Assets.xcassets */,
				FCC6EE1822B38B4B00981303 /* LaunchScreen.storyboard */,
				FCC6EE1B22B38B4B00981303 /* Info.plist */,
			);
			path = testproj;
			sourceTree = "<group>";
		};
		FCC6EE2322B38B4B00981303 /* testprojTests */ = {
			isa = PBXGroup;
			children = (
				FCC6EE2422B38B4B00981303 /* testprojTests.swift */,
				FCC6EE2622B38B4B00981303 /* Info.plist */,
			);
			path = testprojTests;
			sourceTree = "<group>";
		};
		FCC6EE2E22B38B4B00981303 /* testprojUITests */ = {
			isa = PBXGroup;
			children = (
				FCC6EE2F22B38B4B00981303 /* testprojUITests.swift */,
				FCC6EE3122B38B4B00981303 /* Info.plist */,
			);
			path = testprojUITests;
			sourceTree = "<group>";
		};
/* End PBXGroup section */

/* Begin PBXNativeTarget section */
		FCC6EE0B22B38B4A00981303 /* testproj */ = {
			isa = PBXNativeTarget;
			buildConfigurationList = FCC6EE3422B38B4B00981303 /* Build configuration list for PBXNativeTarget "testproj" */;
			buildPhases = (
				FCC6EE0822B38B4A00981303 /* Sources */,
				FCC6EE0922B38B4A00981303 /* Frameworks */,
				FCC6EE0A22B38B4A00981303 /* Resources */,
			);
			buildRules = (
			);
			dependencies = (
			);
			name = testproj;
			productName = testproj;
			productReference = FCC6EE0C22B38B4A00981303 /* testproj.app */;
			productType = "com.apple.product-type.application";
		};
		FCC6EE1F22B38B4B00981303 /* testprojTests */ = {
			isa = PBXNativeTarget;
			buildConfigurationList = FCC6EE3722B38B4B00981303 /* Build configuration list for PBXNativeTarget "testprojTests" */;
			buildPhases = (
				FCC6EE1C22B38B4B00981303 /* Sources */,
				FCC6EE1D22B38B4B00981303 /* Frameworks */,
				FCC6EE1E22B38B4B00981303 /* Resources */,
			);
			buildRules = (
			);
			dependencies = (
				FCC6EE2222B38B4B00981303 /* PBXTargetDependency */,
			);
			name = testprojTests;
			productName = testprojTests;
			productReference = FCC6EE2022B38B4B00981303 /* testprojTests.xctest */;
			productType = "com.apple.product-type.bundle.unit-test";
		};
		FCC6EE2A22B38B4B00981303 /* testprojUITests */ = {
			isa = PBXNativeTarget;
			buildConfigurationList = FCC6EE3A22B38B4B00981303 /* Build configuration list for PBXNativeTarget "testprojUITests" */;
			buildPhases = (
				FCC6EE2722B38B4B00981303 /* Sources */,
				FCC6EE2822B38B4B00981303 /* Frameworks */,
				FCC6EE2922B38B4B00981303 /* Resources */,
			);
			buildRules = (
			);
			dependencies = (
				FCC6EE2D22B38B4B00981303 /* PBXTargetDependency */,
			);
			name = testprojUITests;
			productName = testprojUITests;
			productReference = FCC6EE2B22B38B4B00981303 /* testprojUITests.xctest */;
			productType = "com.apple.product-type.bundle.ui-testing";
		};
/* End PBXNativeTarget section */

/* Begin PBXProject section */
		FCC6EE0422B38B4A00981303 /* Project object */ = {
			isa = PBXProject;
			attributes = {
				LastSwiftUpdateCheck = 1020;
				LastUpgradeCheck = 1020;
				ORGANIZATIONNAME = "Hiroshi Gotoh";
				TargetAttributes = {
					FCC6EE0B22B38B4A00981303 = {
						CreatedOnToolsVersion = 10.2.1;
					};
					FCC6EE1F22B38B4B00981303 = {
						CreatedOnToolsVersion = 10.2.1;
						TestTargetID = FCC6EE0B22B38B4A00981303;
					};
					FCC6EE2A22B38B4B00981303 = {
						CreatedOnToolsVersion = 10.2.1;
						TestTargetID = FCC6EE0B22B38B4A00981303;
					};
				};
			};
			buildConfigurationList = FCC6EE0722B38B4A00981303 /* Build configuration list for PBXProject "testproj" */;
			compatibilityVersion = "Xcode 9.3";
			developmentRegion = en;
			hasScannedForEncodings = 0;
			knownRegions = (
				en,
				Base,
			);
			mainGroup = FCC6EE0322B38B4A00981303;
			productRefGroup = FCC6EE0D22B38B4A00981303 /* Products */;
			projectDirPath = "";
			projectRoot = "";
			targets = (
				FCC6EE0B22B38B4A00981303 /* testproj */,
				FCC6EE1F22B38B4B00981303 /* testprojTests */,
				FCC6EE2A22B38B4B00981303 /* testprojUITests */,
			);
		};
/* End PBXProject section */

/* Begin PBXResourcesBuildPhase section */
		FCC6EE0A22B38B4A00981303 /* Resources */ = {
			isa = PBXResourcesBuildPhase;
			buildActionMask = 2147483647;
			files = (
				FCC6EE1A22B38B4B00981303 /* LaunchScreen.storyboard in Resources */,
				FCC6EE1722B38B4B00981303 /* Assets.xcassets in Resources */,
				FCC6EE1522B38B4A00981303 /* Main.storyboard in Resources */,
			);
			runOnlyForDeploymentPostprocessing = 0;
		};
		FCC6EE1E22B38B4B00981303 /* Resources */ = {
			isa = PBXResourcesBuildPhase;
			buildActionMask = 2147483647;
			files = (
			);
			runOnlyForDeploymentPostprocessing = 0;
		};
		FCC6EE2922B38B4B00981303 /* Resources */ = {
			isa = PBXResourcesBuildPhase;
			buildActionMask = 2147483647;
			files = (
			);
			runOnlyForDeploymentPostprocessing = 0;
		};
/* End PBXResourcesBuildPhase section */

/* Begin PBXSourcesBuildPhase section */
		FCC6EE0822B38B4A00981303 /* Sources */ = {
			isa = PBXSourcesBuildPhase;
			buildActionMask = 2147483647;
			files = (
				FCC6EE1222B38B4A00981303 /* ViewController.swift in Sources */,
				FCC6EE1022B38B4A00981303 /* AppDelegate.swift in Sources */,
			);
			runOnlyForDeploymentPostprocessing = 0;
		};
		FCC6EE1C22B38B4B00981303 /* Sources */ = {
			isa = PBXSourcesBuildPhase;
			buildActionMask = 2147483647;
			files = (
				FCC6EE2522B38B4B00981303 /* testprojTests.swift in Sources */,
			);
			runOnlyForDeploymentPostprocessing = 0;
		};
		FCC6EE2722B38B4B00981303 /* Sources */ = {
			isa = PBXSourcesBuildPhase;
			buildActionMask = 2147483647;
			files = (
				FCC6EE3022B38B4B00981303 /* testprojUITests.swift in Sources */,
			);
			runOnlyForDeploymentPostprocessing = 0;
		};
/* End PBXSourcesBuildPhase section */

/* Begin PBXTargetDependency section */
		FCC6EE2222B38B4B00981303 /* PBXTargetDependency */ = {
			isa = PBXTargetDependency;
			target = FCC6EE0B22B38B4A00981303 /* testproj */;
			targetProxy = FCC6EE2122B38B4B00981303 /* PBXContainerItemProxy */;
		};
		FCC6EE2D22B38B4B00981303 /* PBXTargetDependency */ = {
			isa = PBXTargetDependency;
			target = FCC6EE0B22B38B4A00981303 /* testproj */;
			targetProxy = FCC6EE2C22B38B4B00981303 /* PBXContainerItemProxy */;
		};
/* End PBXTargetDependency section */

/* Begin PBXVariantGroup section */
		FCC6EE1322B38B4A00981303 /* Main.storyboard */ = {
			isa = PBXVariantGroup;
			children = (
				FCC6EE1422B38B4A00981303 /* Base */,
			);
			name = Main.storyboard;
			sourceTree = "<group>";
		};
		FCC6EE1822B38B4B00981303 /* LaunchScreen.storyboard */ = {
			isa = PBXVariantGroup;
			children = (
				FCC6EE1922B38B4B00981303 /* Base */,
			);
			name = LaunchScreen.storyboard;
			sourceTree = "<group>";
		};
/* End PBXVariantGroup section */

/* Begin XCBuildConfiguration section */
		FCC6EE3222B38B4B00981303 /* Debug */ = {
			isa = XCBuildConfiguration;
			buildSettings = {
				ALWAYS_SEARCH_USER_PATHS = NO;
				CLANG_ANALYZER_NONNULL = YES;
				CLANG_ANALYZER_NUMBER_OBJECT_CONVERSION = YES_AGGRESSIVE;
				CLANG_CXX_LANGUAGE_STANDARD = "gnu++14";
				CLANG_CXX_LIBRARY = "libc++";
				CLANG_ENABLE_MODULES = YES;
				CLANG_ENABLE_OBJC_ARC = YES;
				CLANG_ENABLE_OBJC_WEAK = YES;
				CLANG_WARN_BLOCK_CAPTURE_AUTORELEASING = YES;
				CLANG_WARN_BOOL_CONVERSION = YES;
				CLANG_WARN_COMMA = YES;
				CLANG_WARN_CONSTANT_CONVERSION = YES;
				CLANG_WARN_DEPRECATED_OBJC_IMPLEMENTATIONS = YES;
				CLANG_WARN_DIRECT_OBJC_ISA_USAGE = YES_ERROR;
				CLANG_WARN_DOCUMENTATION_COMMENTS = YES;
				CLANG_WARN_EMPTY_BODY = YES;
				CLANG_WARN_ENUM_CONVERSION = YES;
				CLANG_WARN_INFINITE_RECURSION = YES;
				CLANG_WARN_INT_CONVERSION = YES;
				CLANG_WARN_NON_LITERAL_NULL_CONVERSION = YES;
				CLANG_WARN_OBJC_IMPLICIT_RETAIN_SELF = YES;
				CLANG_WARN_OBJC_LITERAL_CONVERSION = YES;
				CLANG_WARN_OBJC_ROOT_CLASS = YES_ERROR;
				CLANG_WARN_RANGE_LOOP_ANALYSIS = YES;
				CLANG_WARN_STRICT_PROTOTYPES = YES;
				CLANG_WARN_SUSPICIOUS_MOVE = YES;
				CLANG_WARN_UNGUARDED_AVAILABILITY = YES_AGGRESSIVE;
				CLANG_WARN_UNREACHABLE_CODE = YES;
				CLANG_WARN__DUPLICATE_METHOD_MATCH = YES;
				CODE_SIGN_IDENTITY = "iPhone Developer";
				COPY_PHASE_STRIP = NO;
				DEBUG_INFORMATION_FORMAT = dwarf;
				ENABLE_STRICT_OBJC_MSGSEND = YES;
				ENABLE_TESTABILITY = YES;
				GCC_C_LANGUAGE_STANDARD = gnu11;
				GCC_DYNAMIC_NO_PIC = NO;
				GCC_NO_COMMON_BLOCKS = YES;
				GCC_OPTIMIZATION_LEVEL = 0;
				GCC_PREPROCESSOR_DEFINITIONS = (
					"DEBUG=1",
					"$(inherited)",
				);
				GCC_WARN_64_TO_32_BIT_CONVERSION = YES;
				GCC_WARN_ABOUT_RETURN_TYPE = YES_ERROR;
				GCC_WARN_UNDECLARED_SELECTOR = YES;
				GCC_WARN_UNINITIALIZED_AUTOS = YES_AGGRESSIVE;
				GCC_WARN_UNUSED_FUNCTION = YES;
				GCC_WARN_UNUSED_VARIABLE = YES;
				IPHONEOS_DEPLOYMENT_TARGET = 12.2;
				MTL_ENABLE_DEBUG_INFO = INCLUDE_SOURCE;
				MTL_FAST_MATH = YES;
				ONLY_ACTIVE_ARCH = YES;
				SDKROOT = iphoneos;
				SWIFT_ACTIVE_COMPILATION_CONDITIONS = DEBUG;
				SWIFT_OPTIMIZATION_LEVEL = "-Onone";
			};
			name = Debug;
		};
		FCC6EE3322B38B4B00981303 /* Release */ = {
			isa = XCBuildConfiguration;
			buildSettings = {
				ALWAYS_SEARCH_USER_PATHS = NO;
				CLANG_ANALYZER_NONNULL = YES;
				CLANG_ANALYZER_NUMBER_OBJECT_CONVERSION = YES_AGGRESSIVE;
				CLANG_CXX_LANGUAGE_STANDARD = "gnu++14";
				CLANG_CXX_LIBRARY = "libc++";
				CLANG_ENABLE_MODULES = YES;
				CLANG_ENABLE_OBJC_ARC = YES;
				CLANG_ENABLE_OBJC_WEAK = YES;
				CLANG_WARN_BLOCK_CAPTURE_AUTORELEASING = YES;
				CLANG_WARN_BOOL_CONVERSION = YES;
				CLANG_WARN_COMMA = YES;
				CLANG_WARN_CONSTANT_CONVERSION = YES;
				CLANG_WARN_DEPRECATED_OBJC_IMPLEMENTATIONS = YES;
				CLANG_WARN_DIRECT_OBJC_ISA_USAGE = YES_ERROR;
				CLANG_WARN_DOCUMENTATION_COMMENTS = YES;
				CLANG_WARN_EMPTY_BODY = YES;
				CLANG_WARN_ENUM_CONVERSION = YES;
				CLANG_WARN_INFINITE_RECURSION = YES;
				CLANG_WARN_INT_CONVERSION = YES;
				CLANG_WARN_NON_LITERAL_NULL_CONVERSION = YES;
				CLANG_WARN_OBJC_IMPLICIT_RETAIN_SELF = YES;
				CLANG_WARN_OBJC_LITERAL_CONVERSION = YES;
				CLANG_WARN_OBJC_ROOT_CLASS = YES_ERROR;
				CLANG_WARN_RANGE_LOOP_ANALYSIS = YES;
				CLANG_WARN_STRICT_PROTOTYPES = YES;
				CLANG_WARN_SUSPICIOUS_MOVE = YES;
				CLANG_WARN_UNGUARDED_AVAILABILITY = YES_AGGRESSIVE;
				CLANG_WARN_UNREACHABLE_CODE = YES;
				CLANG_WARN__DUPLICATE_METHOD_MATCH = YES;
				CODE_SIGN_IDENTITY = "iPhone Developer";
				COPY_PHASE_STRIP = NO;
				DEBUG_INFORMATION_FORMAT = "dwarf-with-dsym";
				ENABLE_NS_ASSERTIONS = NO;
				ENABLE_STRICT_OBJC_MSGSEND = YES;
				GCC_C_LANGUAGE_STANDARD = gnu11;
				GCC_NO_COMMON_BLOCKS = YES;
				GCC_WARN_64_TO_32_BIT_CONVERSION = YES;
				GCC_WARN_ABOUT_RETURN_TYPE = YES_ERROR;
				GCC_WARN_UNDECLARED_SELECTOR = YES;
				GCC_WARN_UNINITIALIZED_AUTOS = YES_AGGRESSIVE;
				GCC_WARN_UNUSED_FUNCTION = YES;
				GCC_WARN_UNUSED_VARIABLE = YES;
				IPHONEOS_DEPLOYMENT_TARGET = 12.2;
				MTL_ENABLE_DEBUG_INFO = NO;
				MTL_FAST_MATH = YES;
				SDKROOT = iphoneos;
				SWIFT_COMPILATION_MODE = wholemodule;
				SWIFT_OPTIMIZATION_LEVEL = "-O";
				VALIDATE_PRODUCT = YES;
			};
			name = Release;
		};
		FCC6EE3522B38B4B00981303 /* Debug */ = {
			isa = XCBuildConfiguration;
			buildSettings = {
				ASSETCATALOG_COMPILER_APPICON_NAME = AppIcon;
				CODE_SIGN_STYLE = Automatic;
				INFOPLIST_FILE = testproj/Info.plist;
				LD_RUNPATH_SEARCH_PATHS = (
					"$(inherited)",
					"@executable_path/Frameworks",
				);
				PRODUCT_BUNDLE_IDENTIFIER = ricoh.testproj;
				PRODUCT_NAME = "$(TARGET_NAME)";
				SWIFT_VERSION = 5.0;
				TARGETED_DEVICE_FAMILY = "1,2";
			};
			name = Debug;
		};
		FCC6EE3622B38B4B00981303 /* Release */ = {
			isa = XCBuildConfiguration;
			buildSettings = {
				ASSETCATALOG_COMPILER_APPICON_NAME = AppIcon;
				CODE_SIGN_STYLE = Automatic;
				INFOPLIST_FILE = testproj/Info.plist;
				LD_RUNPATH_SEARCH_PATHS = (
					"$(inherited)",
					"@executable_path/Frameworks",
				);
				PRODUCT_BUNDLE_IDENTIFIER = ricoh.testproj;
				PRODUCT_NAME = "$(TARGET_NAME)";
				SWIFT_VERSION = 5.0;
				TARGETED_DEVICE_FAMILY = "1,2";
			};
			name = Release;
		};
		FCC6EE3822B38B4B00981303 /* Debug */ = {
			isa = XCBuildConfiguration;
			buildSettings = {
				ALWAYS_EMBED_SWIFT_STANDARD_LIBRARIES = YES;
				BUNDLE_LOADER = "$(TEST_HOST)";
				CODE_SIGN_STYLE = Automatic;
				INFOPLIST_FILE = testprojTests/Info.plist;
				LD_RUNPATH_SEARCH_PATHS = (
					"$(inherited)",
					"@executable_path/Frameworks",
					"@loader_path/Frameworks",
				);
				PRODUCT_BUNDLE_IDENTIFIER = ricoh.testprojTests;
				PRODUCT_NAME = "$(TARGET_NAME)";
				SWIFT_VERSION = 5.0;
				TARGETED_DEVICE_FAMILY = "1,2";
				TEST_HOST = "$(BUILT_PRODUCTS_DIR)/testproj.app/testproj";
			};
			name = Debug;
		};
		FCC6EE3922B38B4B00981303 /* Release */ = {
			isa = XCBuildConfiguration;
			buildSettings = {
				ALWAYS_EMBED_SWIFT_STANDARD_LIBRARIES = YES;
				BUNDLE_LOADER = "$(TEST_HOST)";
				CODE_SIGN_STYLE = Automatic;
				INFOPLIST_FILE = testprojTests/Info.plist;
				LD_RUNPATH_SEARCH_PATHS = (
					"$(inherited)",
					"@executable_path/Frameworks",
					"@loader_path/Frameworks",
				);
				PRODUCT_BUNDLE_IDENTIFIER = ricoh.testprojTests;
				PRODUCT_NAME = "$(TARGET_NAME)";
				SWIFT_VERSION = 5.0;
				TARGETED_DEVICE_FAMILY = "1,2";
				TEST_HOST = "$(BUILT_PRODUCTS_DIR)/testproj.app/testproj";
			};
			name = Release;
		};
		FCC6EE3B22B38B4B00981303 /* Debug */ = {
			isa = XCBuildConfiguration;
			buildSettings = {
				ALWAYS_EMBED_SWIFT_STANDARD_LIBRARIES = YES;
				CODE_SIGN_STYLE = Automatic;
				INFOPLIST_FILE = testprojUITests/Info.plist;
				LD_RUNPATH_SEARCH_PATHS = (
					"$(inherited)",
					"@executable_path/Frameworks",
					"@loader_path/Frameworks",
				);
				PRODUCT_BUNDLE_IDENTIFIER = ricoh.testprojUITests;
				PRODUCT_NAME = "$(TARGET_NAME)";
				SWIFT_VERSION = 5.0;
				TARGETED_DEVICE_FAMILY = "1,2";
				TEST_TARGET_NAME = testproj;
			};
			name = Debug;
		};
		FCC6EE3C22B38B4B00981303 /* Release */ = {
			isa = XCBuildConfiguration;
			buildSettings = {
				ALWAYS_EMBED_SWIFT_STANDARD_LIBRARIES = YES;
				CODE_SIGN_STYLE = Automatic;
				INFOPLIST_FILE = testprojUITests/Info.plist;
				LD_RUNPATH_SEARCH_PATHS = (
					"$(inherited)",
					"@executable_path/Frameworks",
					"@loader_path/Frameworks",
				);
				PRODUCT_BUNDLE_IDENTIFIER = ricoh.testprojUITests;
				PRODUCT_NAME = "$(TARGET_NAME)";
				SWIFT_VERSION = 5.0;
				TARGETED_DEVICE_FAMILY = "1,2";
				TEST_TARGET_NAME = testproj;
			};
			name = Release;
		};
/* End XCBuildConfiguration section */

/* Begin XCConfigurationList section */
		FCC6EE0722B38B4A00981303 /* Build configuration list for PBXProject "testproj" */ = {
			isa = XCConfigurationList;
			buildConfigurations = (
				FCC6EE3222B38B4B00981303 /* Debug */,
				FCC6EE3322B38B4B00981303 /* Release */,
			);
			defaultConfigurationIsVisible = 0;
			defaultConfigurationName = Release;
		};
		FCC6EE3422B38B4B00981303 /* Build configuration list for PBXNativeTarget "testproj" */ = {
			isa = XCConfigurationList;
			buildConfigurations = (
				FCC6EE3522B38B4B00981303 /* Debug */,
				FCC6EE3622B38B4B00981303 /* Release */,
			);
			defaultConfigurationIsVisible = 0;
			defaultConfigurationName = Release;
		};
		FCC6EE3722B38B4B00981303 /* Build configuration list for PBXNativeTarget "testprojTests" */ = {
			isa = XCConfigurationList;
			buildConfigurations = (
				FCC6EE3822B38B4B00981303 /* Debug */,
				FCC6EE3922B38B4B00981303 /* Release */,
			);
			defaultConfigurationIsVisible = 0;
			defaultConfigurationName = Release;
		};
		FCC6EE3A22B38B4B00981303 /* Build configuration list for PBXNativeTarget "testprojUITests" */ = {
			isa = XCConfigurationList;
			buildConfigurations = (
				FCC6EE3B22B38B4B00981303 /* Debug */,
				FCC6EE3C22B38B4B00981303 /* Release */,
			);
			defaultConfigurationIsVisible = 0;
			defaultConfigurationName = Release;
		};
/* End XCConfigurationList section */
	};
	rootObject = FCC6EE0422B38B4A00981303 /* Project object */;
}
